
Microsoft Visual Studio Solution File, Format Version 12.00
# Visual Studio Version 17
VisualStudioVersion = 17.6.33417.168
MinimumVisualStudioVersion = 10.0.40219.1
Project("{2150E333-8FDC-42A3-9474-1A3956D46DE8}") = "src", "src", "{D41C06FD-EF5B-43F6-9496-EA4B472BFF1D}"
EndProject
Project("{2150E333-8FDC-42A3-9474-1A3956D46DE8}") = "tests", "tests", "{C28A237A-D513-4239-B3DB-E587C868077B}"
EndProject
Project("{2150E333-8FDC-42A3-9474-1A3956D46DE8}") = "deploy", "deploy", "{188B01F1-45E8-4EB3-81FF-F27A8A01C4EB}"
EndProject
Project("{9A19103F-16F7-4668-BE54-9A1E7A4F7556}") = "ElevatorEngine.Application", "ElevatorEngine.Application\ElevatorEngine.Application.csproj", "{FEA7C3E2-85FA-46BB-93B9-B7C9156213A2}"
EndProject
Project("{9A19103F-16F7-4668-BE54-9A1E7A4F7556}") = "ElevatorEngine.Domain", "ElevatorEngine.Domain\ElevatorEngine.Domain.csproj", "{10727D24-8E8A-4244-8D21-6331F7352F34}"
EndProject
Project("{9A19103F-16F7-4668-BE54-9A1E7A4F7556}") = "ElevatorEngine.Infrastructure", "ElevatorEngine.Infrastructure\ElevatorEngine.Infrastructure.csproj", "{971D559F-E43E-4121-BF10-42A5E843FD0B}"
EndProject
Project("{9A19103F-16F7-4668-BE54-9A1E7A4F7556}") = "ElevatorEngine.Api", "ElevatorEngine.Api\ElevatorEngine.Api.csproj", "{2817857F-78D4-4764-813C-CADF5134C9E3}"
EndProject
Project("{9A19103F-16F7-4668-BE54-9A1E7A4F7556}") = "ElevatorEngine.Tests", "ElevatorEngine.Tests\ElevatorEngine.Tests.csproj", "{147F0E12-EDE5-4E21-9398-AD0DE3EAD1E5}"
EndProject
Project("{2150E333-8FDC-42A3-9474-1A3956D46DE8}") = "API", "API", "{DCC190F6-B3EB-433D-A91A-4444B235582D}"
EndProject
Project("{2150E333-8FDC-42A3-9474-1A3956D46DE8}") = "Domain", "Domain", "{462030DD-AB57-4C46-91E2-F2B78BD81F30}"
EndProject
Project("{2150E333-8FDC-42A3-9474-1A3956D46DE8}") = "Infrastructure", "Infrastructure", "{F4F83FA1-ECAC-42AE-8231-133BB6992B7A}"
EndProject
Project("{2150E333-8FDC-42A3-9474-1A3956D46DE8}") = "Application", "Application", "{4DA15754-9B6D-4B89-8FAA-B89897CED57C}"
EndProject
Project("{2150E333-8FDC-42A3-9474-1A3956D46DE8}") = "Presentation", "Presentation", "{6C1DB3AB-924A-42DA-AED6-0A7451FD2F28}"
EndProject
Project("{FAE04EC0-301F-11D3-BF4B-00C04F79EFBC}") = "ElevatorEngine.ConsoleApp", "ElevatorEngine.ConsoleApp\ElevatorEngine.ConsoleApp.csproj", "{389ED96F-4D4B-46E7-88DB-A207E763B06A}"
EndProject
Global
	GlobalSection(SolutionConfigurationPlatforms) = preSolution
		Debug|Any CPU = Debug|Any CPU
		Release|Any CPU = Release|Any CPU
	EndGlobalSection
	GlobalSection(ProjectConfigurationPlatforms) = postSolution
		{FEA7C3E2-85FA-46BB-93B9-B7C9156213A2}.Debug|Any CPU.ActiveCfg = Debug|Any CPU
		{FEA7C3E2-85FA-46BB-93B9-B7C9156213A2}.Debug|Any CPU.Build.0 = Debug|Any CPU
		{FEA7C3E2-85FA-46BB-93B9-B7C9156213A2}.Release|Any CPU.ActiveCfg = Release|Any CPU
		{FEA7C3E2-85FA-46BB-93B9-B7C9156213A2}.Release|Any CPU.Build.0 = Release|Any CPU
		{10727D24-8E8A-4244-8D21-6331F7352F34}.Debug|Any CPU.ActiveCfg = Debug|Any CPU
		{10727D24-8E8A-4244-8D21-6331F7352F34}.Debug|Any CPU.Build.0 = Debug|Any CPU
		{10727D24-8E8A-4244-8D21-6331F7352F34}.Release|Any CPU.ActiveCfg = Release|Any CPU
		{10727D24-8E8A-4244-8D21-6331F7352F34}.Release|Any CPU.Build.0 = Release|Any CPU
		{971D559F-E43E-4121-BF10-42A5E843FD0B}.Debug|Any CPU.ActiveCfg = Debug|Any CPU
		{971D559F-E43E-4121-BF10-42A5E843FD0B}.Debug|Any CPU.Build.0 = Debug|Any CPU
		{971D559F-E43E-4121-BF10-42A5E843FD0B}.Release|Any CPU.ActiveCfg = Release|Any CPU
		{971D559F-E43E-4121-BF10-42A5E843FD0B}.Release|Any CPU.Build.0 = Release|Any CPU
		{2817857F-78D4-4764-813C-CADF5134C9E3}.Debug|Any CPU.ActiveCfg = Debug|Any CPU
		{2817857F-78D4-4764-813C-CADF5134C9E3}.Debug|Any CPU.Build.0 = Debug|Any CPU
		{2817857F-78D4-4764-813C-CADF5134C9E3}.Release|Any CPU.ActiveCfg = Release|Any CPU
		{2817857F-78D4-4764-813C-CADF5134C9E3}.Release|Any CPU.Build.0 = Release|Any CPU
		{147F0E12-EDE5-4E21-9398-AD0DE3EAD1E5}.Debug|Any CPU.ActiveCfg = Debug|Any CPU
		{147F0E12-EDE5-4E21-9398-AD0DE3EAD1E5}.Debug|Any CPU.Build.0 = Debug|Any CPU
		{147F0E12-EDE5-4E21-9398-AD0DE3EAD1E5}.Release|Any CPU.ActiveCfg = Release|Any CPU
		{147F0E12-EDE5-4E21-9398-AD0DE3EAD1E5}.Release|Any CPU.Build.0 = Release|Any CPU
		{389ED96F-4D4B-46E7-88DB-A207E763B06A}.Debug|Any CPU.ActiveCfg = Debug|Any CPU
		{389ED96F-4D4B-46E7-88DB-A207E763B06A}.Debug|Any CPU.Build.0 = Debug|Any CPU
		{389ED96F-4D4B-46E7-88DB-A207E763B06A}.Release|Any CPU.ActiveCfg = Release|Any CPU
		{389ED96F-4D4B-46E7-88DB-A207E763B06A}.Release|Any CPU.Build.0 = Release|Any CPU
	EndGlobalSection
	GlobalSection(SolutionProperties) = preSolution
		HideSolutionNode = FALSE
	EndGlobalSection
	GlobalSection(NestedProjects) = preSolution
		{FEA7C3E2-85FA-46BB-93B9-B7C9156213A2} = {4DA15754-9B6D-4B89-8FAA-B89897CED57C}
		{10727D24-8E8A-4244-8D21-6331F7352F34} = {462030DD-AB57-4C46-91E2-F2B78BD81F30}
		{971D559F-E43E-4121-BF10-42A5E843FD0B} = {F4F83FA1-ECAC-42AE-8231-133BB6992B7A}
		{2817857F-78D4-4764-813C-CADF5134C9E3} = {DCC190F6-B3EB-433D-A91A-4444B235582D}
		{147F0E12-EDE5-4E21-9398-AD0DE3EAD1E5} = {C28A237A-D513-4239-B3DB-E587C868077B}
		{DCC190F6-B3EB-433D-A91A-4444B235582D} = {D41C06FD-EF5B-43F6-9496-EA4B472BFF1D}
		{462030DD-AB57-4C46-91E2-F2B78BD81F30} = {D41C06FD-EF5B-43F6-9496-EA4B472BFF1D}
		{F4F83FA1-ECAC-42AE-8231-133BB6992B7A} = {D41C06FD-EF5B-43F6-9496-EA4B472BFF1D}
		{4DA15754-9B6D-4B89-8FAA-B89897CED57C} = {D41C06FD-EF5B-43F6-9496-EA4B472BFF1D}
		{6C1DB3AB-924A-42DA-AED6-0A7451FD2F28} = {D41C06FD-EF5B-43F6-9496-EA4B472BFF1D}
		{389ED96F-4D4B-46E7-88DB-A207E763B06A} = {6C1DB3AB-924A-42DA-AED6-0A7451FD2F28}
	EndGlobalSection
	GlobalSection(ExtensibilityGlobals) = postSolution
		SolutionGuid = {879923B8-B099-471C-84E3-F37E3255065F}
	EndGlobalSection
EndGlobal
